// !$*UTF8*$!
{
	archiveVersion = 1;
	classes = {
	};
	objectVersion = 55;
	objects = {

/* Begin PBXBuildFile section */
		3A1220F829A5B9780064B532 /* AppDelegate.m in Sources */ = {isa = PBXBuildFile; fileRef = 3A1220F729A5B9780064B532 /* AppDelegate.m */; };
		3A12210329A5B9790064B532 /* Assets.xcassets in Resources */ = {isa = PBXBuildFile; fileRef = 3A12210229A5B9790064B532 /* Assets.xcassets */; };
		3A12210629A5B9790064B532 /* LaunchScreen.storyboard in Resources */ = {isa = PBXBuildFile; fileRef = 3A12210429A5B9790064B532 /* LaunchScreen.storyboard */; };
		3A12210929A5B9790064B532 /* main.m in Sources */ = {isa = PBXBuildFile; fileRef = 3A12210829A5B9790064B532 /* main.m */; };
		3A12211329A5B97A0064B532 /* MikaTests.m in Sources */ = {isa = PBXBuildFile; fileRef = 3A12211229A5B97A0064B532 /* MikaTests.m */; };
		3A12211D29A5B97A0064B532 /* MikaUITests.m in Sources */ = {isa = PBXBuildFile; fileRef = 3A12211C29A5B97A0064B532 /* MikaUITests.m */; };
		3A12211F29A5B97A0064B532 /* MikaUITestsLaunchTests.m in Sources */ = {isa = PBXBuildFile; fileRef = 3A12211E29A5B97A0064B532 /* MikaUITestsLaunchTests.m */; };
		3A12212E29A5B9C70064B532 /* HomeViewController.swift in Sources */ = {isa = PBXBuildFile; fileRef = 3A12212C29A5B9C70064B532 /* HomeViewController.swift */; };
		3A12212F29A5B9C70064B532 /* HomeViewController.xib in Resources */ = {isa = PBXBuildFile; fileRef = 3A12212D29A5B9C70064B532 /* HomeViewController.xib */; };
		3A12213229A5BB250064B532 /* BaseViewController.m in Sources */ = {isa = PBXBuildFile; fileRef = 3A12213129A5BB250064B532 /* BaseViewController.m */; };
		3A12213C29A5EDD00064B532 /* HomeModel.swift in Sources */ = {isa = PBXBuildFile; fileRef = 3A12213B29A5EDD00064B532 /* HomeModel.swift */; };
		3A12214029A5F4D60064B532 /* HomeDateCell.swift in Sources */ = {isa = PBXBuildFile; fileRef = 3A12213E29A5F4D60064B532 /* HomeDateCell.swift */; };
		3A12214129A5F4D60064B532 /* HomeDateCell.xib in Resources */ = {isa = PBXBuildFile; fileRef = 3A12213F29A5F4D60064B532 /* HomeDateCell.xib */; };
		3A12214429A5F4EB0064B532 /* HomeMissingCell.swift in Sources */ = {isa = PBXBuildFile; fileRef = 3A12214229A5F4EB0064B532 /* HomeMissingCell.swift */; };
		3A12214529A5F4EB0064B532 /* HomeMissingCell.xib in Resources */ = {isa = PBXBuildFile; fileRef = 3A12214329A5F4EB0064B532 /* HomeMissingCell.xib */; };
		3A12214829A5F4FD0064B532 /* HomeReceiveMissingCell.swift in Sources */ = {isa = PBXBuildFile; fileRef = 3A12214629A5F4FD0064B532 /* HomeReceiveMissingCell.swift */; };
		3A12214929A5F4FD0064B532 /* HomeReceiveMissingCell.xib in Resources */ = {isa = PBXBuildFile; fileRef = 3A12214729A5F4FD0064B532 /* HomeReceiveMissingCell.xib */; };
		3A12214C29A5F50B0064B532 /* HomeAlbumCell.swift in Sources */ = {isa = PBXBuildFile; fileRef = 3A12214A29A5F50B0064B532 /* HomeAlbumCell.swift */; };
		3A12214D29A5F50B0064B532 /* HomeAlbumCell.xib in Resources */ = {isa = PBXBuildFile; fileRef = 3A12214B29A5F50B0064B532 /* HomeAlbumCell.xib */; };
		3AC1A65D29AE247300D5D5D5 /* HomeViewFlowLayout.swift in Sources */ = {isa = PBXBuildFile; fileRef = 3AC1A65C29AE247300D5D5D5 /* HomeViewFlowLayout.swift */; };
		3AC1A66029AE253500D5D5D5 /* HomeDateModel.swift in Sources */ = {isa = PBXBuildFile; fileRef = 3AC1A65F29AE253500D5D5D5 /* HomeDateModel.swift */; };
		3AC1A66329AE25AC00D5D5D5 /* HomeMissingModel.swift in Sources */ = {isa = PBXBuildFile; fileRef = 3AC1A66229AE25AC00D5D5D5 /* HomeMissingModel.swift */; };
		3AC1A66629AE25C300D5D5D5 /* HomeReceiveMissingModel.swift in Sources */ = {isa = PBXBuildFile; fileRef = 3AC1A66529AE25C300D5D5D5 /* HomeReceiveMissingModel.swift */; };
		3AC1A66929AE25FF00D5D5D5 /* HomeAlbumModel.swift in Sources */ = {isa = PBXBuildFile; fileRef = 3AC1A66829AE25FF00D5D5D5 /* HomeAlbumModel.swift */; };
		A471A7F6CDEF5E26598F0FF5 /* Pods_Mika.framework in Frameworks */ = {isa = PBXBuildFile; fileRef = 23A1DE4F1C69A33E26C7458F /* Pods_Mika.framework */; };
/* End PBXBuildFile section */

/* Begin PBXContainerItemProxy section */
		3A12210F29A5B97A0064B532 /* PBXContainerItemProxy */ = {
			isa = PBXContainerItemProxy;
			containerPortal = 3A1220EB29A5B9770064B532 /* Project object */;
			proxyType = 1;
			remoteGlobalIDString = 3A1220F229A5B9780064B532;
			remoteInfo = Mika;
		};
		3A12211929A5B97A0064B532 /* PBXContainerItemProxy */ = {
			isa = PBXContainerItemProxy;
			containerPortal = 3A1220EB29A5B9770064B532 /* Project object */;
			proxyType = 1;
			remoteGlobalIDString = 3A1220F229A5B9780064B532;
			remoteInfo = Mika;
		};
/* End PBXContainerItemProxy section */

/* Begin PBXFileReference section */
		23A1DE4F1C69A33E26C7458F /* Pods_Mika.framework */ = {isa = PBXFileReference; explicitFileType = wrapper.framework; includeInIndex = 0; path = Pods_Mika.framework; sourceTree = BUILT_PRODUCTS_DIR; };
		3A1220F329A5B9780064B532 /* Mika.app */ = {isa = PBXFileReference; explicitFileType = wrapper.application; includeInIndex = 0; path = Mika.app; sourceTree = BUILT_PRODUCTS_DIR; };
		3A1220F629A5B9780064B532 /* AppDelegate.h */ = {isa = PBXFileReference; lastKnownFileType = sourcecode.c.h; path = AppDelegate.h; sourceTree = "<group>"; };
		3A1220F729A5B9780064B532 /* AppDelegate.m */ = {isa = PBXFileReference; lastKnownFileType = sourcecode.c.objc; path = AppDelegate.m; sourceTree = "<group>"; };
		3A12210229A5B9790064B532 /* Assets.xcassets */ = {isa = PBXFileReference; lastKnownFileType = folder.assetcatalog; path = Assets.xcassets; sourceTree = "<group>"; };
		3A12210529A5B9790064B532 /* Base */ = {isa = PBXFileReference; lastKnownFileType = file.storyboard; name = Base; path = Base.lproj/LaunchScreen.storyboard; sourceTree = "<group>"; };
		3A12210729A5B9790064B532 /* Info.plist */ = {isa = PBXFileReference; lastKnownFileType = text.plist.xml; path = Info.plist; sourceTree = "<group>"; };
		3A12210829A5B9790064B532 /* main.m */ = {isa = PBXFileReference; lastKnownFileType = sourcecode.c.objc; path = main.m; sourceTree = "<group>"; };
		3A12210E29A5B97A0064B532 /* MikaTests.xctest */ = {isa = PBXFileReference; explicitFileType = wrapper.cfbundle; includeInIndex = 0; path = MikaTests.xctest; sourceTree = BUILT_PRODUCTS_DIR; };
		3A12211229A5B97A0064B532 /* MikaTests.m */ = {isa = PBXFileReference; lastKnownFileType = sourcecode.c.objc; path = MikaTests.m; sourceTree = "<group>"; };
		3A12211829A5B97A0064B532 /* MikaUITests.xctest */ = {isa = PBXFileReference; explicitFileType = wrapper.cfbundle; includeInIndex = 0; path = MikaUITests.xctest; sourceTree = BUILT_PRODUCTS_DIR; };
		3A12211C29A5B97A0064B532 /* MikaUITests.m */ = {isa = PBXFileReference; lastKnownFileType = sourcecode.c.objc; path = MikaUITests.m; sourceTree = "<group>"; };
		3A12211E29A5B97A0064B532 /* MikaUITestsLaunchTests.m */ = {isa = PBXFileReference; lastKnownFileType = sourcecode.c.objc; path = MikaUITestsLaunchTests.m; sourceTree = "<group>"; };
		3A12212B29A5B9C60064B532 /* Mika-Bridging-Header.h */ = {isa = PBXFileReference; lastKnownFileType = sourcecode.c.h; path = "Mika-Bridging-Header.h"; sourceTree = "<group>"; };
		3A12212C29A5B9C70064B532 /* HomeViewController.swift */ = {isa = PBXFileReference; lastKnownFileType = sourcecode.swift; path = HomeViewController.swift; sourceTree = "<group>"; };
		3A12212D29A5B9C70064B532 /* HomeViewController.xib */ = {isa = PBXFileReference; lastKnownFileType = file.xib; path = HomeViewController.xib; sourceTree = "<group>"; };
		3A12213029A5BB250064B532 /* BaseViewController.h */ = {isa = PBXFileReference; lastKnownFileType = sourcecode.c.h; path = BaseViewController.h; sourceTree = "<group>"; };
		3A12213129A5BB250064B532 /* BaseViewController.m */ = {isa = PBXFileReference; lastKnownFileType = sourcecode.c.objc; path = BaseViewController.m; sourceTree = "<group>"; };
		3A12213B29A5EDD00064B532 /* HomeModel.swift */ = {isa = PBXFileReference; lastKnownFileType = sourcecode.swift; path = HomeModel.swift; sourceTree = "<group>"; };
		3A12213E29A5F4D60064B532 /* HomeDateCell.swift */ = {isa = PBXFileReference; lastKnownFileType = sourcecode.swift; path = HomeDateCell.swift; sourceTree = "<group>"; };
		3A12213F29A5F4D60064B532 /* HomeDateCell.xib */ = {isa = PBXFileReference; lastKnownFileType = file.xib; path = HomeDateCell.xib; sourceTree = "<group>"; };
		3A12214229A5F4EB0064B532 /* HomeMissingCell.swift */ = {isa = PBXFileReference; lastKnownFileType = sourcecode.swift; path = HomeMissingCell.swift; sourceTree = "<group>"; };
		3A12214329A5F4EB0064B532 /* HomeMissingCell.xib */ = {isa = PBXFileReference; lastKnownFileType = file.xib; path = HomeMissingCell.xib; sourceTree = "<group>"; };
		3A12214629A5F4FD0064B532 /* HomeReceiveMissingCell.swift */ = {isa = PBXFileReference; lastKnownFileType = sourcecode.swift; path = HomeReceiveMissingCell.swift; sourceTree = "<group>"; };
		3A12214729A5F4FD0064B532 /* HomeReceiveMissingCell.xib */ = {isa = PBXFileReference; lastKnownFileType = file.xib; path = HomeReceiveMissingCell.xib; sourceTree = "<group>"; };
		3A12214A29A5F50B0064B532 /* HomeAlbumCell.swift */ = {isa = PBXFileReference; lastKnownFileType = sourcecode.swift; path = HomeAlbumCell.swift; sourceTree = "<group>"; };
		3A12214B29A5F50B0064B532 /* HomeAlbumCell.xib */ = {isa = PBXFileReference; lastKnownFileType = file.xib; path = HomeAlbumCell.xib; sourceTree = "<group>"; };
		3AC1A65C29AE247300D5D5D5 /* HomeViewFlowLayout.swift */ = {isa = PBXFileReference; lastKnownFileType = sourcecode.swift; path = HomeViewFlowLayout.swift; sourceTree = "<group>"; };
		3AC1A65F29AE253500D5D5D5 /* HomeDateModel.swift */ = {isa = PBXFileReference; lastKnownFileType = sourcecode.swift; path = HomeDateModel.swift; sourceTree = "<group>"; };
		3AC1A66229AE25AC00D5D5D5 /* HomeMissingModel.swift */ = {isa = PBXFileReference; lastKnownFileType = sourcecode.swift; path = HomeMissingModel.swift; sourceTree = "<group>"; };
		3AC1A66529AE25C300D5D5D5 /* HomeReceiveMissingModel.swift */ = {isa = PBXFileReference; lastKnownFileType = sourcecode.swift; path = HomeReceiveMissingModel.swift; sourceTree = "<group>"; };
		3AC1A66829AE25FF00D5D5D5 /* HomeAlbumModel.swift */ = {isa = PBXFileReference; lastKnownFileType = sourcecode.swift; path = HomeAlbumModel.swift; sourceTree = "<group>"; };
		684A98B914DAC3B9013259E5 /* Pods-Mika.debug.xcconfig */ = {isa = PBXFileReference; includeInIndex = 1; lastKnownFileType = text.xcconfig; name = "Pods-Mika.debug.xcconfig"; path = "Target Support Files/Pods-Mika/Pods-Mika.debug.xcconfig"; sourceTree = "<group>"; };
		9A5F9FE8D66CC136DEE37000 /* Pods-Mika.release.xcconfig */ = {isa = PBXFileReference; includeInIndex = 1; lastKnownFileType = text.xcconfig; name = "Pods-Mika.release.xcconfig"; path = "Target Support Files/Pods-Mika/Pods-Mika.release.xcconfig"; sourceTree = "<group>"; };
/* End PBXFileReference section */

/* Begin PBXFrameworksBuildPhase section */
		3A1220F029A5B9780064B532 /* Frameworks */ = {
			isa = PBXFrameworksBuildPhase;
			buildActionMask = 2147483647;
			files = (
				A471A7F6CDEF5E26598F0FF5 /* Pods_Mika.framework in Frameworks */,
			);
			runOnlyForDeploymentPostprocessing = 0;
		};
		3A12210B29A5B97A0064B532 /* Frameworks */ = {
			isa = PBXFrameworksBuildPhase;
			buildActionMask = 2147483647;
			files = (
			);
			runOnlyForDeploymentPostprocessing = 0;
		};
		3A12211529A5B97A0064B532 /* Frameworks */ = {
			isa = PBXFrameworksBuildPhase;
			buildActionMask = 2147483647;
			files = (
			);
			runOnlyForDeploymentPostprocessing = 0;
		};
/* End PBXFrameworksBuildPhase section */

/* Begin PBXGroup section */
		0EA51E91744FF66A3DC33FFB /* Frameworks */ = {
			isa = PBXGroup;
			children = (
				23A1DE4F1C69A33E26C7458F /* Pods_Mika.framework */,
			);
			name = Frameworks;
			sourceTree = "<group>";
		};
		3A1220EA29A5B9770064B532 = {
			isa = PBXGroup;
			children = (
				3A1220F529A5B9780064B532 /* Mika */,
				3A12211129A5B97A0064B532 /* MikaTests */,
				3A12211B29A5B97A0064B532 /* MikaUITests */,
				3A1220F429A5B9780064B532 /* Products */,
				9C20423B8ADD20E3892D363A /* Pods */,
				0EA51E91744FF66A3DC33FFB /* Frameworks */,
			);
			sourceTree = "<group>";
		};
		3A1220F429A5B9780064B532 /* Products */ = {
			isa = PBXGroup;
			children = (
				3A1220F329A5B9780064B532 /* Mika.app */,
				3A12210E29A5B97A0064B532 /* MikaTests.xctest */,
				3A12211829A5B97A0064B532 /* MikaUITests.xctest */,
			);
			name = Products;
			sourceTree = "<group>";
		};
		3A1220F529A5B9780064B532 /* Mika */ = {
			isa = PBXGroup;
			children = (
				3AC1A65B29AE235E00D5D5D5 /* Const */,
				3A12213429A5BEA60064B532 /* Base */,
				3A12213529A5BEBC0064B532 /* Home */,
				3A1220F629A5B9780064B532 /* AppDelegate.h */,
				3A1220F729A5B9780064B532 /* AppDelegate.m */,
				3A12210229A5B9790064B532 /* Assets.xcassets */,
				3A12210429A5B9790064B532 /* LaunchScreen.storyboard */,
				3A12210729A5B9790064B532 /* Info.plist */,
				3A12210829A5B9790064B532 /* main.m */,
				3A12212B29A5B9C60064B532 /* Mika-Bridging-Header.h */,
			);
			path = Mika;
			sourceTree = "<group>";
		};
		3A12211129A5B97A0064B532 /* MikaTests */ = {
			isa = PBXGroup;
			children = (
				3A12211229A5B97A0064B532 /* MikaTests.m */,
			);
			path = MikaTests;
			sourceTree = "<group>";
		};
		3A12211B29A5B97A0064B532 /* MikaUITests */ = {
			isa = PBXGroup;
			children = (
				3A12211C29A5B97A0064B532 /* MikaUITests.m */,
				3A12211E29A5B97A0064B532 /* MikaUITestsLaunchTests.m */,
			);
			path = MikaUITests;
			sourceTree = "<group>";
		};
		3A12213429A5BEA60064B532 /* Base */ = {
			isa = PBXGroup;
			children = (
				3A12213029A5BB250064B532 /* BaseViewController.h */,
				3A12213129A5BB250064B532 /* BaseViewController.m */,
			);
			path = Base;
			sourceTree = "<group>";
		};
		3A12213529A5BEBC0064B532 /* Home */ = {
			isa = PBXGroup;
			children = (
				3AC1A66729AE25EC00D5D5D5 /* Album */,
				3AC1A66429AE25B100D5D5D5 /* ReceiveMissing */,
				3AC1A66129AE258400D5D5D5 /* Missing */,
				3AC1A65E29AE252300D5D5D5 /* Date */,
				3A12213B29A5EDD00064B532 /* HomeModel.swift */,
				3A12212C29A5B9C70064B532 /* HomeViewController.swift */,
				3A12212D29A5B9C70064B532 /* HomeViewController.xib */,
				3AC1A65C29AE247300D5D5D5 /* HomeViewFlowLayout.swift */,
			);
			path = Home;
			sourceTree = "<group>";
		};
		3AC1A65B29AE235E00D5D5D5 /* Const */ = {
			isa = PBXGroup;
			children = (
			);
			path = Const;
			sourceTree = "<group>";
		};
		3AC1A65E29AE252300D5D5D5 /* Date */ = {
			isa = PBXGroup;
			children = (
				3A12213E29A5F4D60064B532 /* HomeDateCell.swift */,
				3A12213F29A5F4D60064B532 /* HomeDateCell.xib */,
				3AC1A65F29AE253500D5D5D5 /* HomeDateModel.swift */,
			);
			path = Date;
			sourceTree = "<group>";
		};
		3AC1A66129AE258400D5D5D5 /* Missing */ = {
			isa = PBXGroup;
			children = (
				3A12214229A5F4EB0064B532 /* HomeMissingCell.swift */,
				3A12214329A5F4EB0064B532 /* HomeMissingCell.xib */,
				3AC1A66229AE25AC00D5D5D5 /* HomeMissingModel.swift */,
			);
			path = Missing;
			sourceTree = "<group>";
		};
		3AC1A66429AE25B100D5D5D5 /* ReceiveMissing */ = {
			isa = PBXGroup;
			children = (
				3A12214629A5F4FD0064B532 /* HomeReceiveMissingCell.swift */,
				3A12214729A5F4FD0064B532 /* HomeReceiveMissingCell.xib */,
				3AC1A66529AE25C300D5D5D5 /* HomeReceiveMissingModel.swift */,
			);
			path = ReceiveMissing;
			sourceTree = "<group>";
		};
		3AC1A66729AE25EC00D5D5D5 /* Album */ = {
			isa = PBXGroup;
			children = (
				3A12214A29A5F50B0064B532 /* HomeAlbumCell.swift */,
				3A12214B29A5F50B0064B532 /* HomeAlbumCell.xib */,
				3AC1A66829AE25FF00D5D5D5 /* HomeAlbumModel.swift */,
			);
			path = Album;
			sourceTree = "<group>";
		};
		9C20423B8ADD20E3892D363A /* Pods */ = {
			isa = PBXGroup;
			children = (
				684A98B914DAC3B9013259E5 /* Pods-Mika.debug.xcconfig */,
				9A5F9FE8D66CC136DEE37000 /* Pods-Mika.release.xcconfig */,
			);
			path = Pods;
			sourceTree = "<group>";
		};
/* End PBXGroup section */

/* Begin PBXNativeTarget section */
		3A1220F229A5B9780064B532 /* Mika */ = {
			isa = PBXNativeTarget;
			buildConfigurationList = 3A12212229A5B97A0064B532 /* Build configuration list for PBXNativeTarget "Mika" */;
			buildPhases = (
				6A1E9F8BA358977F92E6E145 /* [CP] Check Pods Manifest.lock */,
				3A1220EF29A5B9780064B532 /* Sources */,
				3A1220F029A5B9780064B532 /* Frameworks */,
				3A1220F129A5B9780064B532 /* Resources */,
				C8F398EE2E0F3CD63494CEC9 /* [CP] Embed Pods Frameworks */,
			);
			buildRules = (
			);
			dependencies = (
			);
			name = Mika;
			productName = Mika;
			productReference = 3A1220F329A5B9780064B532 /* Mika.app */;
			productType = "com.apple.product-type.application";
		};
		3A12210D29A5B97A0064B532 /* MikaTests */ = {
			isa = PBXNativeTarget;
			buildConfigurationList = 3A12212529A5B97A0064B532 /* Build configuration list for PBXNativeTarget "MikaTests" */;
			buildPhases = (
				3A12210A29A5B97A0064B532 /* Sources */,
				3A12210B29A5B97A0064B532 /* Frameworks */,
				3A12210C29A5B97A0064B532 /* Resources */,
			);
			buildRules = (
			);
			dependencies = (
				3A12211029A5B97A0064B532 /* PBXTargetDependency */,
			);
			name = MikaTests;
			productName = MikaTests;
			productReference = 3A12210E29A5B97A0064B532 /* MikaTests.xctest */;
			productType = "com.apple.product-type.bundle.unit-test";
		};
		3A12211729A5B97A0064B532 /* MikaUITests */ = {
			isa = PBXNativeTarget;
			buildConfigurationList = 3A12212829A5B97A0064B532 /* Build configuration list for PBXNativeTarget "MikaUITests" */;
			buildPhases = (
				3A12211429A5B97A0064B532 /* Sources */,
				3A12211529A5B97A0064B532 /* Frameworks */,
				3A12211629A5B97A0064B532 /* Resources */,
			);
			buildRules = (
			);
			dependencies = (
				3A12211A29A5B97A0064B532 /* PBXTargetDependency */,
			);
			name = MikaUITests;
			productName = MikaUITests;
			productReference = 3A12211829A5B97A0064B532 /* MikaUITests.xctest */;
			productType = "com.apple.product-type.bundle.ui-testing";
		};
/* End PBXNativeTarget section */

/* Begin PBXProject section */
		3A1220EB29A5B9770064B532 /* Project object */ = {
			isa = PBXProject;
			attributes = {
				BuildIndependentTargetsInParallel = 1;
				LastUpgradeCheck = 1420;
				TargetAttributes = {
					3A1220F229A5B9780064B532 = {
						CreatedOnToolsVersion = 14.2;
						LastSwiftMigration = 1420;
					};
					3A12210D29A5B97A0064B532 = {
						CreatedOnToolsVersion = 14.2;
						TestTargetID = 3A1220F229A5B9780064B532;
					};
					3A12211729A5B97A0064B532 = {
						CreatedOnToolsVersion = 14.2;
						TestTargetID = 3A1220F229A5B9780064B532;
					};
				};
			};
			buildConfigurationList = 3A1220EE29A5B9770064B532 /* Build configuration list for PBXProject "Mika" */;
			compatibilityVersion = "Xcode 13.0";
			developmentRegion = en;
			hasScannedForEncodings = 0;
			knownRegions = (
				en,
				Base,
			);
			mainGroup = 3A1220EA29A5B9770064B532;
			productRefGroup = 3A1220F429A5B9780064B532 /* Products */;
			projectDirPath = "";
			projectRoot = "";
			targets = (
				3A1220F229A5B9780064B532 /* Mika */,
				3A12210D29A5B97A0064B532 /* MikaTests */,
				3A12211729A5B97A0064B532 /* MikaUITests */,
			);
		};
/* End PBXProject section */

/* Begin PBXResourcesBuildPhase section */
		3A1220F129A5B9780064B532 /* Resources */ = {
			isa = PBXResourcesBuildPhase;
			buildActionMask = 2147483647;
			files = (
				3A12214129A5F4D60064B532 /* HomeDateCell.xib in Resources */,
				3A12210629A5B9790064B532 /* LaunchScreen.storyboard in Resources */,
				3A12210329A5B9790064B532 /* Assets.xcassets in Resources */,
				3A12214929A5F4FD0064B532 /* HomeReceiveMissingCell.xib in Resources */,
				3A12214D29A5F50B0064B532 /* HomeAlbumCell.xib in Resources */,
				3A12214529A5F4EB0064B532 /* HomeMissingCell.xib in Resources */,
				3A12212F29A5B9C70064B532 /* HomeViewController.xib in Resources */,
			);
			runOnlyForDeploymentPostprocessing = 0;
		};
		3A12210C29A5B97A0064B532 /* Resources */ = {
			isa = PBXResourcesBuildPhase;
			buildActionMask = 2147483647;
			files = (
			);
			runOnlyForDeploymentPostprocessing = 0;
		};
		3A12211629A5B97A0064B532 /* Resources */ = {
			isa = PBXResourcesBuildPhase;
			buildActionMask = 2147483647;
			files = (
			);
			runOnlyForDeploymentPostprocessing = 0;
		};
/* End PBXResourcesBuildPhase section */

/* Begin PBXShellScriptBuildPhase section */
		6A1E9F8BA358977F92E6E145 /* [CP] Check Pods Manifest.lock */ = {
			isa = PBXShellScriptBuildPhase;
			buildActionMask = 2147483647;
			files = (
			);
			inputFileListPaths = (
			);
			inputPaths = (
				"${PODS_PODFILE_DIR_PATH}/Podfile.lock",
				"${PODS_ROOT}/Manifest.lock",
			);
			name = "[CP] Check Pods Manifest.lock";
			outputFileListPaths = (
			);
			outputPaths = (
				"$(DERIVED_FILE_DIR)/Pods-Mika-checkManifestLockResult.txt",
			);
			runOnlyForDeploymentPostprocessing = 0;
			shellPath = /bin/sh;
			shellScript = "diff \"${PODS_PODFILE_DIR_PATH}/Podfile.lock\" \"${PODS_ROOT}/Manifest.lock\" > /dev/null\nif [ $? != 0 ] ; then\n    # print error to STDERR\n    echo \"error: The sandbox is not in sync with the Podfile.lock. Run 'pod install' or update your CocoaPods installation.\" >&2\n    exit 1\nfi\n# This output is used by Xcode 'outputs' to avoid re-running this script phase.\necho \"SUCCESS\" > \"${SCRIPT_OUTPUT_FILE_0}\"\n";
			showEnvVarsInLog = 0;
		};
		C8F398EE2E0F3CD63494CEC9 /* [CP] Embed Pods Frameworks */ = {
			isa = PBXShellScriptBuildPhase;
			buildActionMask = 2147483647;
			files = (
			);
			inputFileListPaths = (
				"${PODS_ROOT}/Target Support Files/Pods-Mika/Pods-Mika-frameworks-${CONFIGURATION}-input-files.xcfilelist",
			);
			name = "[CP] Embed Pods Frameworks";
			outputFileListPaths = (
				"${PODS_ROOT}/Target Support Files/Pods-Mika/Pods-Mika-frameworks-${CONFIGURATION}-output-files.xcfilelist",
			);
			runOnlyForDeploymentPostprocessing = 0;
			shellPath = /bin/sh;
			shellScript = "\"${PODS_ROOT}/Target Support Files/Pods-Mika/Pods-Mika-frameworks.sh\"\n";
			showEnvVarsInLog = 0;
		};
/* End PBXShellScriptBuildPhase section */

/* Begin PBXSourcesBuildPhase section */
		3A1220EF29A5B9780064B532 /* Sources */ = {
			isa = PBXSourcesBuildPhase;
			buildActionMask = 2147483647;
			files = (
				3A12214C29A5F50B0064B532 /* HomeAlbumCell.swift in Sources */,
				3AC1A66329AE25AC00D5D5D5 /* HomeMissingModel.swift in Sources */,
				3AC1A66629AE25C300D5D5D5 /* HomeReceiveMissingModel.swift in Sources */,
				3AC1A65D29AE247300D5D5D5 /* HomeViewFlowLayout.swift in Sources */,
				3A1220F829A5B9780064B532 /* AppDelegate.m in Sources */,
				3A12213229A5BB250064B532 /* BaseViewController.m in Sources */,
				3AC1A66929AE25FF00D5D5D5 /* HomeAlbumModel.swift in Sources */,
				3A12210929A5B9790064B532 /* main.m in Sources */,
				3A12213C29A5EDD00064B532 /* HomeModel.swift in Sources */,
				3A12214429A5F4EB0064B532 /* HomeMissingCell.swift in Sources */,
				3A12214829A5F4FD0064B532 /* HomeReceiveMissingCell.swift in Sources */,
				3AC1A66029AE253500D5D5D5 /* HomeDateModel.swift in Sources */,
				3A12214029A5F4D60064B532 /* HomeDateCell.swift in Sources */,
				3A12212E29A5B9C70064B532 /* HomeViewController.swift in Sources */,
			);
			runOnlyForDeploymentPostprocessing = 0;
		};
		3A12210A29A5B97A0064B532 /* Sources */ = {
			isa = PBXSourcesBuildPhase;
			buildActionMask = 2147483647;
			files = (
				3A12211329A5B97A0064B532 /* MikaTests.m in Sources */,
			);
			runOnlyForDeploymentPostprocessing = 0;
		};
		3A12211429A5B97A0064B532 /* Sources */ = {
			isa = PBXSourcesBuildPhase;
			buildActionMask = 2147483647;
			files = (
				3A12211F29A5B97A0064B532 /* MikaUITestsLaunchTests.m in Sources */,
				3A12211D29A5B97A0064B532 /* MikaUITests.m in Sources */,
			);
			runOnlyForDeploymentPostprocessing = 0;
		};
/* End PBXSourcesBuildPhase section */

/* Begin PBXTargetDependency section */
		3A12211029A5B97A0064B532 /* PBXTargetDependency */ = {
			isa = PBXTargetDependency;
			target = 3A1220F229A5B9780064B532 /* Mika */;
			targetProxy = 3A12210F29A5B97A0064B532 /* PBXContainerItemProxy */;
		};
		3A12211A29A5B97A0064B532 /* PBXTargetDependency */ = {
			isa = PBXTargetDependency;
			target = 3A1220F229A5B9780064B532 /* Mika */;
			targetProxy = 3A12211929A5B97A0064B532 /* PBXContainerItemProxy */;
		};
/* End PBXTargetDependency section */

/* Begin PBXVariantGroup section */
		3A12210429A5B9790064B532 /* LaunchScreen.storyboard */ = {
			isa = PBXVariantGroup;
			children = (
				3A12210529A5B9790064B532 /* Base */,
			);
			name = LaunchScreen.storyboard;
			sourceTree = "<group>";
		};
/* End PBXVariantGroup section */

/* Begin XCBuildConfiguration section */
		3A12212029A5B97A0064B532 /* Debug */ = {
			isa = XCBuildConfiguration;
			buildSettings = {
				ALWAYS_SEARCH_USER_PATHS = NO;
				CLANG_ANALYZER_NONNULL = YES;
				CLANG_ANALYZER_NUMBER_OBJECT_CONVERSION = YES_AGGRESSIVE;
				CLANG_CXX_LANGUAGE_STANDARD = "gnu++20";
				CLANG_ENABLE_MODULES = YES;
				CLANG_ENABLE_OBJC_ARC = YES;
				CLANG_ENABLE_OBJC_WEAK = YES;
				CLANG_WARN_BLOCK_CAPTURE_AUTORELEASING = YES;
				CLANG_WARN_BOOL_CONVERSION = YES;
				CLANG_WARN_COMMA = YES;
				CLANG_WARN_CONSTANT_CONVERSION = YES;
				CLANG_WARN_DEPRECATED_OBJC_IMPLEMENTATIONS = YES;
				CLANG_WARN_DIRECT_OBJC_ISA_USAGE = YES_ERROR;
				CLANG_WARN_DOCUMENTATION_COMMENTS = YES;
				CLANG_WARN_EMPTY_BODY = YES;
				CLANG_WARN_ENUM_CONVERSION = YES;
				CLANG_WARN_INFINITE_RECURSION = YES;
				CLANG_WARN_INT_CONVERSION = YES;
				CLANG_WARN_NON_LITERAL_NULL_CONVERSION = YES;
				CLANG_WARN_OBJC_IMPLICIT_RETAIN_SELF = YES;
				CLANG_WARN_OBJC_LITERAL_CONVERSION = YES;
				CLANG_WARN_OBJC_ROOT_CLASS = YES_ERROR;
				CLANG_WARN_QUOTED_INCLUDE_IN_FRAMEWORK_HEADER = YES;
				CLANG_WARN_RANGE_LOOP_ANALYSIS = YES;
				CLANG_WARN_STRICT_PROTOTYPES = YES;
				CLANG_WARN_SUSPICIOUS_MOVE = YES;
				CLANG_WARN_UNGUARDED_AVAILABILITY = YES_AGGRESSIVE;
				CLANG_WARN_UNREACHABLE_CODE = YES;
				CLANG_WARN__DUPLICATE_METHOD_MATCH = YES;
				COPY_PHASE_STRIP = NO;
				DEBUG_INFORMATION_FORMAT = dwarf;
				ENABLE_STRICT_OBJC_MSGSEND = YES;
				ENABLE_TESTABILITY = YES;
				GCC_C_LANGUAGE_STANDARD = gnu11;
				GCC_DYNAMIC_NO_PIC = NO;
				GCC_NO_COMMON_BLOCKS = YES;
				GCC_OPTIMIZATION_LEVEL = 0;
				GCC_PREPROCESSOR_DEFINITIONS = (
					"DEBUG=1",
					"$(inherited)",
				);
				GCC_WARN_64_TO_32_BIT_CONVERSION = YES;
				GCC_WARN_ABOUT_RETURN_TYPE = YES_ERROR;
				GCC_WARN_UNDECLARED_SELECTOR = YES;
				GCC_WARN_UNINITIALIZED_AUTOS = YES_AGGRESSIVE;
				GCC_WARN_UNUSED_FUNCTION = YES;
				GCC_WARN_UNUSED_VARIABLE = YES;
				IPHONEOS_DEPLOYMENT_TARGET = 16.2;
				MTL_ENABLE_DEBUG_INFO = INCLUDE_SOURCE;
				MTL_FAST_MATH = YES;
				ONLY_ACTIVE_ARCH = YES;
				SDKROOT = iphoneos;
			};
			name = Debug;
		};
		3A12212129A5B97A0064B532 /* Release */ = {
			isa = XCBuildConfiguration;
			buildSettings = {
				ALWAYS_SEARCH_USER_PATHS = NO;
				CLANG_ANALYZER_NONNULL = YES;
				CLANG_ANALYZER_NUMBER_OBJECT_CONVERSION = YES_AGGRESSIVE;
				CLANG_CXX_LANGUAGE_STANDARD = "gnu++20";
				CLANG_ENABLE_MODULES = YES;
				CLANG_ENABLE_OBJC_ARC = YES;
				CLANG_ENABLE_OBJC_WEAK = YES;
				CLANG_WARN_BLOCK_CAPTURE_AUTORELEASING = YES;
				CLANG_WARN_BOOL_CONVERSION = YES;
				CLANG_WARN_COMMA = YES;
				CLANG_WARN_CONSTANT_CONVERSION = YES;
				CLANG_WARN_DEPRECATED_OBJC_IMPLEMENTATIONS = YES;
				CLANG_WARN_DIRECT_OBJC_ISA_USAGE = YES_ERROR;
				CLANG_WARN_DOCUMENTATION_COMMENTS = YES;
				CLANG_WARN_EMPTY_BODY = YES;
				CLANG_WARN_ENUM_CONVERSION = YES;
				CLANG_WARN_INFINITE_RECURSION = YES;
				CLANG_WARN_INT_CONVERSION = YES;
				CLANG_WARN_NON_LITERAL_NULL_CONVERSION = YES;
				CLANG_WARN_OBJC_IMPLICIT_RETAIN_SELF = YES;
				CLANG_WARN_OBJC_LITERAL_CONVERSION = YES;
				CLANG_WARN_OBJC_ROOT_CLASS = YES_ERROR;
				CLANG_WARN_QUOTED_INCLUDE_IN_FRAMEWORK_HEADER = YES;
				CLANG_WARN_RANGE_LOOP_ANALYSIS = YES;
				CLANG_WARN_STRICT_PROTOTYPES = YES;
				CLANG_WARN_SUSPICIOUS_MOVE = YES;
				CLANG_WARN_UNGUARDED_AVAILABILITY = YES_AGGRESSIVE;
				CLANG_WARN_UNREACHABLE_CODE = YES;
				CLANG_WARN__DUPLICATE_METHOD_MATCH = YES;
				COPY_PHASE_STRIP = NO;
				DEBUG_INFORMATION_FORMAT = "dwarf-with-dsym";
				ENABLE_NS_ASSERTIONS = NO;
				ENABLE_STRICT_OBJC_MSGSEND = YES;
				GCC_C_LANGUAGE_STANDARD = gnu11;
				GCC_NO_COMMON_BLOCKS = YES;
				GCC_WARN_64_TO_32_BIT_CONVERSION = YES;
				GCC_WARN_ABOUT_RETURN_TYPE = YES_ERROR;
				GCC_WARN_UNDECLARED_SELECTOR = YES;
				GCC_WARN_UNINITIALIZED_AUTOS = YES_AGGRESSIVE;
				GCC_WARN_UNUSED_FUNCTION = YES;
				GCC_WARN_UNUSED_VARIABLE = YES;
				IPHONEOS_DEPLOYMENT_TARGET = 16.2;
				MTL_ENABLE_DEBUG_INFO = NO;
				MTL_FAST_MATH = YES;
				SDKROOT = iphoneos;
				VALIDATE_PRODUCT = YES;
			};
			name = Release;
		};
		3A12212329A5B97A0064B532 /* Debug */ = {
			isa = XCBuildConfiguration;
			baseConfigurationReference = 684A98B914DAC3B9013259E5 /* Pods-Mika.debug.xcconfig */;
			buildSettings = {
				ASSETCATALOG_COMPILER_APPICON_NAME = AppIcon;
				ASSETCATALOG_COMPILER_GLOBAL_ACCENT_COLOR_NAME = AccentColor;
				CLANG_ENABLE_MODULES = YES;
				CODE_SIGN_STYLE = Automatic;
				CURRENT_PROJECT_VERSION = 1;
				DEVELOPMENT_TEAM = ZSW5D827N7;
				GENERATE_INFOPLIST_FILE = YES;
				INFOPLIST_FILE = Mika/Info.plist;
				INFOPLIST_KEY_CFBundleDisplayName = "糖罐罐";
				INFOPLIST_KEY_UIApplicationSupportsIndirectInputEvents = YES;
				INFOPLIST_KEY_UILaunchStoryboardName = LaunchScreen.storyboard;
				INFOPLIST_KEY_UIRequiresFullScreen = NO;
				INFOPLIST_KEY_UIStatusBarStyle = "";
				INFOPLIST_KEY_UISupportedInterfaceOrientations_iPad = "UIInterfaceOrientationPortrait UIInterfaceOrientationPortraitUpsideDown UIInterfaceOrientationLandscapeLeft UIInterfaceOrientationLandscapeRight";
				INFOPLIST_KEY_UISupportedInterfaceOrientations_iPhone = "UIInterfaceOrientationPortrait UIInterfaceOrientationLandscapeLeft UIInterfaceOrientationLandscapeRight";
				IPHONEOS_DEPLOYMENT_TARGET = 15.0;
				LD_RUNPATH_SEARCH_PATHS = (
					"$(inherited)",
					"@executable_path/Frameworks",
				);
				MARKETING_VERSION = 1.0;
				PRODUCT_BUNDLE_IDENTIFIER = com.gaoyuan.lover.Mika;
				PRODUCT_NAME = "$(TARGET_NAME)";
				SWIFT_EMIT_LOC_STRINGS = YES;
				SWIFT_OBJC_BRIDGING_HEADER = "Mika/Mika-Bridging-Header.h";
				SWIFT_OPTIMIZATION_LEVEL = "-Onone";
				SWIFT_VERSION = 5.0;
				TARGETED_DEVICE_FAMILY = "1,2";
			};
			name = Debug;
		};
		3A12212429A5B97A0064B532 /* Release */ = {
			isa = XCBuildConfiguration;
			baseConfigurationReference = 9A5F9FE8D66CC136DEE37000 /* Pods-Mika.release.xcconfig */;
			buildSettings = {
				ASSETCATALOG_COMPILER_APPICON_NAME = AppIcon;
				ASSETCATALOG_COMPILER_GLOBAL_ACCENT_COLOR_NAME = AccentColor;
				CLANG_ENABLE_MODULES = YES;
				CODE_SIGN_STYLE = Automatic;
				CURRENT_PROJECT_VERSION = 1;
				DEVELOPMENT_TEAM = ZSW5D827N7;
				GENERATE_INFOPLIST_FILE = YES;
				INFOPLIST_FILE = Mika/Info.plist;
				INFOPLIST_KEY_CFBundleDisplayName = "糖罐罐";
				INFOPLIST_KEY_UIApplicationSupportsIndirectInputEvents = YES;
				INFOPLIST_KEY_UILaunchStoryboardName = LaunchScreen.storyboard;
				INFOPLIST_KEY_UIRequiresFullScreen = NO;
				INFOPLIST_KEY_UIStatusBarStyle = "";
				INFOPLIST_KEY_UISupportedInterfaceOrientations_iPad = "UIInterfaceOrientationPortrait UIInterfaceOrientationPortraitUpsideDown UIInterfaceOrientationLandscapeLeft UIInterfaceOrientationLandscapeRight";
				INFOPLIST_KEY_UISupportedInterfaceOrientations_iPhone = "UIInterfaceOrientationPortrait UIInterfaceOrientationLandscapeLeft UIInterfaceOrientationLandscapeRight";
				IPHONEOS_DEPLOYMENT_TARGET = 15.0;
				LD_RUNPATH_SEARCH_PATHS = (
					"$(inherited)",
					"@executable_path/Frameworks",
				);
				MARKETING_VERSION = 1.0;
				PRODUCT_BUNDLE_IDENTIFIER = com.gaoyuan.lover.Mika;
				PRODUCT_NAME = "$(TARGET_NAME)";
				SWIFT_EMIT_LOC_STRINGS = YES;
				SWIFT_OBJC_BRIDGING_HEADER = "Mika/Mika-Bridging-Header.h";
				SWIFT_VERSION = 5.0;
				TARGETED_DEVICE_FAMILY = "1,2";
			};
			name = Release;
		};
		3A12212629A5B97A0064B532 /* Debug */ = {
			isa = XCBuildConfiguration;
			buildSettings = {
				ALWAYS_EMBED_SWIFT_STANDARD_LIBRARIES = YES;
				BUNDLE_LOADER = "$(TEST_HOST)";
				CODE_SIGN_STYLE = Automatic;
				CURRENT_PROJECT_VERSION = 1;
				DEVELOPMENT_TEAM = ZSW5D827N7;
				GENERATE_INFOPLIST_FILE = YES;
				IPHONEOS_DEPLOYMENT_TARGET = 16.2;
				MARKETING_VERSION = 1.0;
				PRODUCT_BUNDLE_IDENTIFIER = com.gaoyuan.lover.MikaTests;
				PRODUCT_NAME = "$(TARGET_NAME)";
				SWIFT_EMIT_LOC_STRINGS = NO;
				TARGETED_DEVICE_FAMILY = "1,2";
				TEST_HOST = "$(BUILT_PRODUCTS_DIR)/Mika.app/$(BUNDLE_EXECUTABLE_FOLDER_PATH)/Mika";
			};
			name = Debug;
		};
		3A12212729A5B97A0064B532 /* Release */ = {
			isa = XCBuildConfiguration;
			buildSettings = {
				ALWAYS_EMBED_SWIFT_STANDARD_LIBRARIES = YES;
				BUNDLE_LOADER = "$(TEST_HOST)";
				CODE_SIGN_STYLE = Automatic;
				CURRENT_PROJECT_VERSION = 1;
				DEVELOPMENT_TEAM = ZSW5D827N7;
				GENERATE_INFOPLIST_FILE = YES;
				IPHONEOS_DEPLOYMENT_TARGET = 16.2;
				MARKETING_VERSION = 1.0;
				PRODUCT_BUNDLE_IDENTIFIER = com.gaoyuan.lover.MikaTests;
				PRODUCT_NAME = "$(TARGET_NAME)";
				SWIFT_EMIT_LOC_STRINGS = NO;
				TARGETED_DEVICE_FAMILY = "1,2";
				TEST_HOST = "$(BUILT_PRODUCTS_DIR)/Mika.app/$(BUNDLE_EXECUTABLE_FOLDER_PATH)/Mika";
			};
			name = Release;
		};
		3A12212929A5B97A0064B532 /* Debug */ = {
			isa = XCBuildConfiguration;
			buildSettings = {
				ALWAYS_EMBED_SWIFT_STANDARD_LIBRARIES = YES;
				CODE_SIGN_STYLE = Automatic;
				CURRENT_PROJECT_VERSION = 1;
				DEVELOPMENT_TEAM = ZSW5D827N7;
				GENERATE_INFOPLIST_FILE = YES;
				MARKETING_VERSION = 1.0;
				PRODUCT_BUNDLE_IDENTIFIER = com.gaoyuan.lover.MikaUITests;
				PRODUCT_NAME = "$(TARGET_NAME)";
				SWIFT_EMIT_LOC_STRINGS = NO;
				TARGETED_DEVICE_FAMILY = "1,2";
				TEST_TARGET_NAME = Mika;
			};
			name = Debug;
		};
		3A12212A29A5B97A0064B532 /* Release */ = {
			isa = XCBuildConfiguration;
			buildSettings = {
				ALWAYS_EMBED_SWIFT_STANDARD_LIBRARIES = YES;
				CODE_SIGN_STYLE = Automatic;
				CURRENT_PROJECT_VERSION = 1;
				DEVELOPMENT_TEAM = ZSW5D827N7;
				GENERATE_INFOPLIST_FILE = YES;
				MARKETING_VERSION = 1.0;
				PRODUCT_BUNDLE_IDENTIFIER = com.gaoyuan.lover.MikaUITests;
				PRODUCT_NAME = "$(TARGET_NAME)";
				SWIFT_EMIT_LOC_STRINGS = NO;
				TARGETED_DEVICE_FAMILY = "1,2";
				TEST_TARGET_NAME = Mika;
			};
			name = Release;
		};
/* End XCBuildConfiguration section */

/* Begin XCConfigurationList section */
		3A1220EE29A5B9770064B532 /* Build configuration list for PBXProject "Mika" */ = {
			isa = XCConfigurationList;
			buildConfigurations = (
				3A12212029A5B97A0064B532 /* Debug */,
				3A12212129A5B97A0064B532 /* Release */,
			);
			defaultConfigurationIsVisible = 0;
			defaultConfigurationName = Release;
		};
		3A12212229A5B97A0064B532 /* Build configuration list for PBXNativeTarget "Mika" */ = {
			isa = XCConfigurationList;
			buildConfigurations = (
				3A12212329A5B97A0064B532 /* Debug */,
				3A12212429A5B97A0064B532 /* Release */,
			);
			defaultConfigurationIsVisible = 0;
			defaultConfigurationName = Release;
		};
		3A12212529A5B97A0064B532 /* Build configuration list for PBXNativeTarget "MikaTests" */ = {
			isa = XCConfigurationList;
			buildConfigurations = (
				3A12212629A5B97A0064B532 /* Debug */,
				3A12212729A5B97A0064B532 /* Release */,
			);
			defaultConfigurationIsVisible = 0;
			defaultConfigurationName = Release;
		};
		3A12212829A5B97A0064B532 /* Build configuration list for PBXNativeTarget "MikaUITests" */ = {
			isa = XCConfigurationList;
			buildConfigurations = (
				3A12212929A5B97A0064B532 /* Debug */,
				3A12212A29A5B97A0064B532 /* Release */,
			);
			defaultConfigurationIsVisible = 0;
			defaultConfigurationName = Release;
		};
/* End XCConfigurationList section */
	};
	rootObject = 3A1220EB29A5B9770064B532 /* Project object */;
}
